
Microsoft Visual Studio Solution File, Format Version 12.00
# Visual Studio 15
VisualStudioVersion = 15.0.26730.15
MinimumVisualStudioVersion = 10.0.40219.1
Project("{FAE04EC0-301F-11D3-BF4B-00C04F79EFBC}") = "AspIT.NorthwindApp.Gui", "AspIT.NorthwindApp.Gui\AspIT.NorthwindApp.Gui.csproj", "{F5351CA6-0152-477B-899E-36B70AADBD3E}"
EndProject
Project("{FAE04EC0-301F-11D3-BF4B-00C04F79EFBC}") = "AspIT.NorthwindApp.Entities", "AspIT.NorthwindApp.Entities\AspIT.NorthwindApp.Entities.csproj", "{FFEE66FC-6F2F-4725-BF8E-931F4106CA68}"
EndProject
Project("{FAE04EC0-301F-11D3-BF4B-00C04F79EFBC}") = "AspIT.NorthwindApp.DataAccess", "AspIT.NorthwindApp.DataAccess\AspIT.NorthwindApp.DataAccess.csproj", "{7E38E572-719D-486E-8235-B6989E5A0422}"
EndProject
Project("{FAE04EC0-301F-11D3-BF4B-00C04F79EFBC}") = "AspIT.NorthwindApp.DataAccessTests", "AspIT.NorthwindApp.DataAccessTests\AspIT.NorthwindApp.DataAccessTests.csproj", "{B04F07EF-D674-4203-8A02-1B068AE53AC4}"
EndProject
Global
	GlobalSection(SolutionConfigurationPlatforms) = preSolution
		Debug|Any CPU = Debug|Any CPU
		Release|Any CPU = Release|Any CPU
	EndGlobalSection
	GlobalSection(ProjectConfigurationPlatforms) = postSolution
		{F5351CA6-0152-477B-899E-36B70AADBD3E}.Debug|Any CPU.ActiveCfg = Debug|Any CPU
		{F5351CA6-0152-477B-899E-36B70AADBD3E}.Debug|Any CPU.Build.0 = Debug|Any CPU
		{F5351CA6-0152-477B-899E-36B70AADBD3E}.Release|Any CPU.ActiveCfg = Release|Any CPU
		{F5351CA6-0152-477B-899E-36B70AADBD3E}.Release|Any CPU.Build.0 = Release|Any CPU
		{FFEE66FC-6F2F-4725-BF8E-931F4106CA68}.Debug|Any CPU.ActiveCfg = Debug|Any CPU
		{FFEE66FC-6F2F-4725-BF8E-931F4106CA68}.Debug|Any CPU.Build.0 = Debug|Any CPU
		{FFEE66FC-6F2F-4725-BF8E-931F4106CA68}.Release|Any CPU.ActiveCfg = Release|Any CPU
		{FFEE66FC-6F2F-4725-BF8E-931F4106CA68}.Release|Any CPU.Build.0 = Release|Any CPU
		{7E38E572-719D-486E-8235-B6989E5A0422}.Debug|Any CPU.ActiveCfg = Debug|Any CPU
		{7E38E572-719D-486E-8235-B6989E5A0422}.Debug|Any CPU.Build.0 = Debug|Any CPU
		{7E38E572-719D-486E-8235-B6989E5A0422}.Release|Any CPU.ActiveCfg = Release|Any CPU
		{7E38E572-719D-486E-8235-B6989E5A0422}.Release|Any CPU.Build.0 = Release|Any CPU
		{B04F07EF-D674-4203-8A02-1B068AE53AC4}.Debug|Any CPU.ActiveCfg = Debug|Any CPU
		{B04F07EF-D674-4203-8A02-1B068AE53AC4}.Debug|Any CPU.Build.0 = Debug|Any CPU
		{B04F07EF-D674-4203-8A02-1B068AE53AC4}.Release|Any CPU.ActiveCfg = Release|Any CPU
		{B04F07EF-D674-4203-8A02-1B068AE53AC4}.Release|Any CPU.Build.0 = Release|Any CPU
	EndGlobalSection
	GlobalSection(SolutionProperties) = preSolution
		HideSolutionNode = FALSE
	EndGlobalSection
	GlobalSection(ExtensibilityGlobals) = postSolution
		SolutionGuid = {CF3D2CC4-F9E7-46B3-A42B-1343685BFE65}
	EndGlobalSection
EndGlobal
